// !$*UTF8*$!
{
	archiveVersion = 1;
	classes = {
	};
	objectVersion = 52;
	objects = {

/* Begin PBXBuildFile section */
		0D0FCC3F24EE1ADC00124D3C /* AppDelegate.swift in Sources */ = {isa = PBXBuildFile; fileRef = 0D0FCC3E24EE1ADC00124D3C /* AppDelegate.swift */; };
		0D0FCC4124EE1ADC00124D3C /* SceneDelegate.swift in Sources */ = {isa = PBXBuildFile; fileRef = 0D0FCC4024EE1ADC00124D3C /* SceneDelegate.swift */; };
		0D0FCC4324EE1ADC00124D3C /* SignInViewController.swift in Sources */ = {isa = PBXBuildFile; fileRef = 0D0FCC4224EE1ADC00124D3C /* SignInViewController.swift */; };
		0D0FCC4824EE1AE100124D3C /* Assets.xcassets in Resources */ = {isa = PBXBuildFile; fileRef = 0D0FCC4724EE1AE100124D3C /* Assets.xcassets */; };
		0D0FCC4B24EE1AE100124D3C /* LaunchScreen.storyboard in Resources */ = {isa = PBXBuildFile; fileRef = 0D0FCC4924EE1AE100124D3C /* LaunchScreen.storyboard */; };
		0D0FCC5424EE1B8A00124D3C /* SnapKit in Frameworks */ = {isa = PBXBuildFile; productRef = 0D0FCC5324EE1B8A00124D3C /* SnapKit */; };
		0D0FCC5624EE1D9400124D3C /* GoogleService-Info.plist in Resources */ = {isa = PBXBuildFile; fileRef = 0D0FCC5524EE1D9400124D3C /* GoogleService-Info.plist */; };
		0D0FCC5B24EE208100124D3C /* StackViewExtension.swift in Sources */ = {isa = PBXBuildFile; fileRef = 0D0FCC5A24EE208100124D3C /* StackViewExtension.swift */; };
/* End PBXBuildFile section */

/* Begin PBXFileReference section */
		0D0FCC3B24EE1ADC00124D3C /* AdminCT.app */ = {isa = PBXFileReference; explicitFileType = wrapper.application; includeInIndex = 0; path = AdminCT.app; sourceTree = BUILT_PRODUCTS_DIR; };
		0D0FCC3E24EE1ADC00124D3C /* AppDelegate.swift */ = {isa = PBXFileReference; lastKnownFileType = sourcecode.swift; path = AppDelegate.swift; sourceTree = "<group>"; };
		0D0FCC4024EE1ADC00124D3C /* SceneDelegate.swift */ = {isa = PBXFileReference; lastKnownFileType = sourcecode.swift; path = SceneDelegate.swift; sourceTree = "<group>"; };
		0D0FCC4224EE1ADC00124D3C /* SignInViewController.swift */ = {isa = PBXFileReference; lastKnownFileType = sourcecode.swift; path = SignInViewController.swift; sourceTree = "<group>"; };
		0D0FCC4724EE1AE100124D3C /* Assets.xcassets */ = {isa = PBXFileReference; lastKnownFileType = folder.assetcatalog; path = Assets.xcassets; sourceTree = "<group>"; };
		0D0FCC4A24EE1AE100124D3C /* Base */ = {isa = PBXFileReference; lastKnownFileType = file.storyboard; name = Base; path = Base.lproj/LaunchScreen.storyboard; sourceTree = "<group>"; };
		0D0FCC4C24EE1AE100124D3C /* Info.plist */ = {isa = PBXFileReference; lastKnownFileType = text.plist.xml; path = Info.plist; sourceTree = "<group>"; };
		0D0FCC5524EE1D9400124D3C /* GoogleService-Info.plist */ = {isa = PBXFileReference; fileEncoding = 4; lastKnownFileType = text.plist.xml; path = "GoogleService-Info.plist"; sourceTree = "<group>"; };
		0D0FCC5A24EE208100124D3C /* StackViewExtension.swift */ = {isa = PBXFileReference; lastKnownFileType = sourcecode.swift; path = StackViewExtension.swift; sourceTree = "<group>"; };
/* End PBXFileReference section */

/* Begin PBXFrameworksBuildPhase section */
		0D0FCC3824EE1ADC00124D3C /* Frameworks */ = {
			isa = PBXFrameworksBuildPhase;
			buildActionMask = 2147483647;
			files = (
				0D0FCC5424EE1B8A00124D3C /* SnapKit in Frameworks */,
			);
			runOnlyForDeploymentPostprocessing = 0;
		};
/* End PBXFrameworksBuildPhase section */

/* Begin PBXGroup section */
		0D0FCC3224EE1ADC00124D3C = {
			isa = PBXGroup;
			children = (
				0D0FCC3D24EE1ADC00124D3C /* AdminCT */,
				0D0FCC3C24EE1ADC00124D3C /* Products */,
			);
			sourceTree = "<group>";
		};
		0D0FCC3C24EE1ADC00124D3C /* Products */ = {
			isa = PBXGroup;
			children = (
				0D0FCC3B24EE1ADC00124D3C /* AdminCT.app */,
			);
			name = Products;
			sourceTree = "<group>";
		};
		0D0FCC3D24EE1ADC00124D3C /* AdminCT */ = {
			isa = PBXGroup;
			children = (
				0D0FCC5924EE205900124D3C /* Extensions */,
				0D0FCC5724EE1DF100124D3C /* Core */,
				0D0FCC3E24EE1ADC00124D3C /* AppDelegate.swift */,
				0D0FCC4024EE1ADC00124D3C /* SceneDelegate.swift */,
				0D0FCC4224EE1ADC00124D3C /* SignInViewController.swift */,
				0D0FCC4724EE1AE100124D3C /* Assets.xcassets */,
				0D0FCC4924EE1AE100124D3C /* LaunchScreen.storyboard */,
				0D0FCC5524EE1D9400124D3C /* GoogleService-Info.plist */,
				0D0FCC4C24EE1AE100124D3C /* Info.plist */,
			);
			path = AdminCT;
			sourceTree = "<group>";
		};
		0D0FCC5724EE1DF100124D3C /* Core */ = {
			isa = PBXGroup;
			children = (
				0D0FCC5824EE1DF800124D3C /* Views */,
			);
			path = Core;
			sourceTree = "<group>";
		};
		0D0FCC5824EE1DF800124D3C /* Views */ = {
			isa = PBXGroup;
			children = (
			);
			path = Views;
			sourceTree = "<group>";
		};
		0D0FCC5924EE205900124D3C /* Extensions */ = {
			isa = PBXGroup;
			children = (
				0D0FCC5A24EE208100124D3C /* StackViewExtension.swift */,
			);
			path = Extensions;
			sourceTree = "<group>";
		};
/* End PBXGroup section */

/* Begin PBXNativeTarget section */
		0D0FCC3A24EE1ADC00124D3C /* AdminCT */ = {
			isa = PBXNativeTarget;
			buildConfigurationList = 0D0FCC4F24EE1AE100124D3C /* Build configuration list for PBXNativeTarget "AdminCT" */;
			buildPhases = (
				0D0FCC3724EE1ADC00124D3C /* Sources */,
				0D0FCC3824EE1ADC00124D3C /* Frameworks */,
				0D0FCC3924EE1ADC00124D3C /* Resources */,
			);
			buildRules = (
			);
			dependencies = (
			);
			name = AdminCT;
			packageProductDependencies = (
				0D0FCC5324EE1B8A00124D3C /* SnapKit */,
			);
			productName = AdminCT;
			productReference = 0D0FCC3B24EE1ADC00124D3C /* AdminCT.app */;
			productType = "com.apple.product-type.application";
		};
/* End PBXNativeTarget section */

/* Begin PBXProject section */
		0D0FCC3324EE1ADC00124D3C /* Project object */ = {
			isa = PBXProject;
			attributes = {
				LastSwiftUpdateCheck = 1160;
				LastUpgradeCheck = 1160;
				ORGANIZATIONNAME = "Aminjoni Abdullozoda";
				TargetAttributes = {
					0D0FCC3A24EE1ADC00124D3C = {
						CreatedOnToolsVersion = 11.6;
					};
				};
			};
			buildConfigurationList = 0D0FCC3624EE1ADC00124D3C /* Build configuration list for PBXProject "AdminCT" */;
			compatibilityVersion = "Xcode 9.3";
			developmentRegion = en;
			hasScannedForEncodings = 0;
			knownRegions = (
				en,
				Base,
			);
			mainGroup = 0D0FCC3224EE1ADC00124D3C;
			packageReferences = (
				0D0FCC5224EE1B8A00124D3C /* XCRemoteSwiftPackageReference "SnapKit" */,
			);
			productRefGroup = 0D0FCC3C24EE1ADC00124D3C /* Products */;
			projectDirPath = "";
			projectRoot = "";
			targets = (
				0D0FCC3A24EE1ADC00124D3C /* AdminCT */,
			);
		};
/* End PBXProject section */

/* Begin PBXResourcesBuildPhase section */
		0D0FCC3924EE1ADC00124D3C /* Resources */ = {
			isa = PBXResourcesBuildPhase;
			buildActionMask = 2147483647;
			files = (
				0D0FCC4B24EE1AE100124D3C /* LaunchScreen.storyboard in Resources */,
				0D0FCC4824EE1AE100124D3C /* Assets.xcassets in Resources */,
				0D0FCC5624EE1D9400124D3C /* GoogleService-Info.plist in Resources */,
			);
			runOnlyForDeploymentPostprocessing = 0;
		};
/* End PBXResourcesBuildPhase section */

/* Begin PBXSourcesBuildPhase section */
		0D0FCC3724EE1ADC00124D3C /* Sources */ = {
			isa = PBXSourcesBuildPhase;
			buildActionMask = 2147483647;
			files = (
				0D0FCC4324EE1ADC00124D3C /* SignInViewController.swift in Sources */,
				0D0FCC5B24EE208100124D3C /* StackViewExtension.swift in Sources */,
				0D0FCC3F24EE1ADC00124D3C /* AppDelegate.swift in Sources */,
				0D0FCC4124EE1ADC00124D3C /* SceneDelegate.swift in Sources */,
			);
			runOnlyForDeploymentPostprocessing = 0;
		};
/* End PBXSourcesBuildPhase section */

/* Begin PBXVariantGroup section */
		0D0FCC4924EE1AE100124D3C /* LaunchScreen.storyboard */ = {
			isa = PBXVariantGroup;
			children = (
				0D0FCC4A24EE1AE100124D3C /* Base */,
			);
			name = LaunchScreen.storyboard;
			sourceTree = "<group>";
		};
/* End PBXVariantGroup section */

/* Begin XCBuildConfiguration section */
		0D0FCC4D24EE1AE100124D3C /* Debug */ = {
			isa = XCBuildConfiguration;
			buildSettings = {
				ALWAYS_SEARCH_USER_PATHS = NO;
				CLANG_ANALYZER_NONNULL = YES;
				CLANG_ANALYZER_NUMBER_OBJECT_CONVERSION = YES_AGGRESSIVE;
				CLANG_CXX_LANGUAGE_STANDARD = "gnu++14";
				CLANG_CXX_LIBRARY = "libc++";
				CLANG_ENABLE_MODULES = YES;
				CLANG_ENABLE_OBJC_ARC = YES;
				CLANG_ENABLE_OBJC_WEAK = YES;
				CLANG_WARN_BLOCK_CAPTURE_AUTORELEASING = YES;
				CLANG_WARN_BOOL_CONVERSION = YES;
				CLANG_WARN_COMMA = YES;
				CLANG_WARN_CONSTANT_CONVERSION = YES;
				CLANG_WARN_DEPRECATED_OBJC_IMPLEMENTATIONS = YES;
				CLANG_WARN_DIRECT_OBJC_ISA_USAGE = YES_ERROR;
				CLANG_WARN_DOCUMENTATION_COMMENTS = YES;
				CLANG_WARN_EMPTY_BODY = YES;
				CLANG_WARN_ENUM_CONVERSION = YES;
				CLANG_WARN_INFINITE_RECURSION = YES;
				CLANG_WARN_INT_CONVERSION = YES;
				CLANG_WARN_NON_LITERAL_NULL_CONVERSION = YES;
				CLANG_WARN_OBJC_IMPLICIT_RETAIN_SELF = YES;
				CLANG_WARN_OBJC_LITERAL_CONVERSION = YES;
				CLANG_WARN_OBJC_ROOT_CLASS = YES_ERROR;
				CLANG_WARN_RANGE_LOOP_ANALYSIS = YES;
				CLANG_WARN_STRICT_PROTOTYPES = YES;
				CLANG_WARN_SUSPICIOUS_MOVE = YES;
				CLANG_WARN_UNGUARDED_AVAILABILITY = YES_AGGRESSIVE;
				CLANG_WARN_UNREACHABLE_CODE = YES;
				CLANG_WARN__DUPLICATE_METHOD_MATCH = YES;
				COPY_PHASE_STRIP = NO;
				DEBUG_INFORMATION_FORMAT = dwarf;
				ENABLE_STRICT_OBJC_MSGSEND = YES;
				ENABLE_TESTABILITY = YES;
				GCC_C_LANGUAGE_STANDARD = gnu11;
				GCC_DYNAMIC_NO_PIC = NO;
				GCC_NO_COMMON_BLOCKS = YES;
				GCC_OPTIMIZATION_LEVEL = 0;
				GCC_PREPROCESSOR_DEFINITIONS = (
					"DEBUG=1",
					"$(inherited)",
				);
				GCC_WARN_64_TO_32_BIT_CONVERSION = YES;
				GCC_WARN_ABOUT_RETURN_TYPE = YES_ERROR;
				GCC_WARN_UNDECLARED_SELECTOR = YES;
				GCC_WARN_UNINITIALIZED_AUTOS = YES_AGGRESSIVE;
				GCC_WARN_UNUSED_FUNCTION = YES;
				GCC_WARN_UNUSED_VARIABLE = YES;
				IPHONEOS_DEPLOYMENT_TARGET = 13.6;
				MTL_ENABLE_DEBUG_INFO = INCLUDE_SOURCE;
				MTL_FAST_MATH = YES;
				ONLY_ACTIVE_ARCH = YES;
				SDKROOT = iphoneos;
				SWIFT_ACTIVE_COMPILATION_CONDITIONS = DEBUG;
				SWIFT_OPTIMIZATION_LEVEL = "-Onone";
			};
			name = Debug;
		};
		0D0FCC4E24EE1AE100124D3C /* Release */ = {
			isa = XCBuildConfiguration;
			buildSettings = {
				ALWAYS_SEARCH_USER_PATHS = NO;
				CLANG_ANALYZER_NONNULL = YES;
				CLANG_ANALYZER_NUMBER_OBJECT_CONVERSION = YES_AGGRESSIVE;
				CLANG_CXX_LANGUAGE_STANDARD = "gnu++14";
				CLANG_CXX_LIBRARY = "libc++";
				CLANG_ENABLE_MODULES = YES;
				CLANG_ENABLE_OBJC_ARC = YES;
				CLANG_ENABLE_OBJC_WEAK = YES;
				CLANG_WARN_BLOCK_CAPTURE_AUTORELEASING = YES;
				CLANG_WARN_BOOL_CONVERSION = YES;
				CLANG_WARN_COMMA = YES;
				CLANG_WARN_CONSTANT_CONVERSION = YES;
				CLANG_WARN_DEPRECATED_OBJC_IMPLEMENTATIONS = YES;
				CLANG_WARN_DIRECT_OBJC_ISA_USAGE = YES_ERROR;
				CLANG_WARN_DOCUMENTATION_COMMENTS = YES;
				CLANG_WARN_EMPTY_BODY = YES;
				CLANG_WARN_ENUM_CONVERSION = YES;
				CLANG_WARN_INFINITE_RECURSION = YES;
				CLANG_WARN_INT_CONVERSION = YES;
				CLANG_WARN_NON_LITERAL_NULL_CONVERSION = YES;
				CLANG_WARN_OBJC_IMPLICIT_RETAIN_SELF = YES;
				CLANG_WARN_OBJC_LITERAL_CONVERSION = YES;
				CLANG_WARN_OBJC_ROOT_CLASS = YES_ERROR;
				CLANG_WARN_RANGE_LOOP_ANALYSIS = YES;
				CLANG_WARN_STRICT_PROTOTYPES = YES;
				CLANG_WARN_SUSPICIOUS_MOVE = YES;
				CLANG_WARN_UNGUARDED_AVAILABILITY = YES_AGGRESSIVE;
				CLANG_WARN_UNREACHABLE_CODE = YES;
				CLANG_WARN__DUPLICATE_METHOD_MATCH = YES;
				COPY_PHASE_STRIP = NO;
				DEBUG_INFORMATION_FORMAT = "dwarf-with-dsym";
				ENABLE_NS_ASSERTIONS = NO;
				ENABLE_STRICT_OBJC_MSGSEND = YES;
				GCC_C_LANGUAGE_STANDARD = gnu11;
				GCC_NO_COMMON_BLOCKS = YES;
				GCC_WARN_64_TO_32_BIT_CONVERSION = YES;
				GCC_WARN_ABOUT_RETURN_TYPE = YES_ERROR;
				GCC_WARN_UNDECLARED_SELECTOR = YES;
				GCC_WARN_UNINITIALIZED_AUTOS = YES_AGGRESSIVE;
				GCC_WARN_UNUSED_FUNCTION = YES;
				GCC_WARN_UNUSED_VARIABLE = YES;
				IPHONEOS_DEPLOYMENT_TARGET = 13.6;
				MTL_ENABLE_DEBUG_INFO = NO;
				MTL_FAST_MATH = YES;
				SDKROOT = iphoneos;
				SWIFT_COMPILATION_MODE = wholemodule;
				SWIFT_OPTIMIZATION_LEVEL = "-O";
				VALIDATE_PRODUCT = YES;
			};
			name = Release;
		};
		0D0FCC5024EE1AE100124D3C /* Debug */ = {
			isa = XCBuildConfiguration;
			buildSettings = {
				ASSETCATALOG_COMPILER_APPICON_NAME = AppIcon;
				CODE_SIGN_STYLE = Automatic;
				DEVELOPMENT_TEAM = L4M78CKJZX;
				INFOPLIST_FILE = AdminCT/Info.plist;
				LD_RUNPATH_SEARCH_PATHS = (
					"$(inherited)",
					"@executable_path/Frameworks",
				);
				PRODUCT_BUNDLE_IDENTIFIER = lt.AdminCT;
				PRODUCT_NAME = "$(TARGET_NAME)";
				SWIFT_VERSION = 5.0;
				TARGETED_DEVICE_FAMILY = "1,2";
			};
			name = Debug;
		};
		0D0FCC5124EE1AE100124D3C /* Release */ = {
			isa = XCBuildConfiguration;
			buildSettings = {
				ASSETCATALOG_COMPILER_APPICON_NAME = AppIcon;
				CODE_SIGN_STYLE = Automatic;
				DEVELOPMENT_TEAM = L4M78CKJZX;
				INFOPLIST_FILE = AdminCT/Info.plist;
				LD_RUNPATH_SEARCH_PATHS = (
					"$(inherited)",
					"@executable_path/Frameworks",
				);
				PRODUCT_BUNDLE_IDENTIFIER = lt.AdminCT;
				PRODUCT_NAME = "$(TARGET_NAME)";
				SWIFT_VERSION = 5.0;
				TARGETED_DEVICE_FAMILY = "1,2";
			};
			name = Release;
		};
/* End XCBuildConfiguration section */

/* Begin XCConfigurationList section */
		0D0FCC3624EE1ADC00124D3C /* Build configuration list for PBXProject "AdminCT" */ = {
			isa = XCConfigurationList;
			buildConfigurations = (
				0D0FCC4D24EE1AE100124D3C /* Debug */,
				0D0FCC4E24EE1AE100124D3C /* Release */,
			);
			defaultConfigurationIsVisible = 0;
			defaultConfigurationName = Release;
		};
		0D0FCC4F24EE1AE100124D3C /* Build configuration list for PBXNativeTarget "AdminCT" */ = {
			isa = XCConfigurationList;
			buildConfigurations = (
				0D0FCC5024EE1AE100124D3C /* Debug */,
				0D0FCC5124EE1AE100124D3C /* Release */,
			);
			defaultConfigurationIsVisible = 0;
			defaultConfigurationName = Release;
		};
/* End XCConfigurationList section */

/* Begin XCRemoteSwiftPackageReference section */
		0D0FCC5224EE1B8A00124D3C /* XCRemoteSwiftPackageReference "SnapKit" */ = {
			isa = XCRemoteSwiftPackageReference;
			repositoryURL = "https://github.com/SnapKit/SnapKit.git";
			requirement = {
				kind = upToNextMajorVersion;
				minimumVersion = 5.0.1;
			};
		};
/* End XCRemoteSwiftPackageReference section */

/* Begin XCSwiftPackageProductDependency section */
		0D0FCC5324EE1B8A00124D3C /* SnapKit */ = {
			isa = XCSwiftPackageProductDependency;
			package = 0D0FCC5224EE1B8A00124D3C /* XCRemoteSwiftPackageReference "SnapKit" */;
			productName = SnapKit;
		};
/* End XCSwiftPackageProductDependency section */
	};
	rootObject = 0D0FCC3324EE1ADC00124D3C /* Project object */;
}
